
Microsoft Visual Studio Solution File, Format Version 12.00
# Visual Studio 15
VisualStudioVersion = 15.0.27110.0
MinimumVisualStudioVersion = 10.0.40219.1
Project("{FAE04EC0-301F-11D3-BF4B-00C04F79EFBC}") = "SiliconPanda.DI", "SiliconPanda.DI\SiliconPanda.DI.csproj", "{3382592A-3480-4FB5-8E75-4BA015267888}"
EndProject
Project("{FAE04EC0-301F-11D3-BF4B-00C04F79EFBC}") = "SiliconPanda.DI.Core", "SiliconPanda.DI.Core\SiliconPanda.DI.Core.csproj", "{82EC2B42-3AC8-4732-898E-671A17E69809}"
EndProject
Project("{FAE04EC0-301F-11D3-BF4B-00C04F79EFBC}") = "SiliconPanda.Di.Installers", "SiliconPanda.Di.Installers\SiliconPanda.Di.Installers.csproj", "{C05754C9-D4B5-4B91-A8E9-8FA8D68B76B6}"
EndProject
Global
	GlobalSection(SolutionConfigurationPlatforms) = preSolution
		Debug|Any CPU = Debug|Any CPU
		Release|Any CPU = Release|Any CPU
	EndGlobalSection
	GlobalSection(ProjectConfigurationPlatforms) = postSolution
		{3382592A-3480-4FB5-8E75-4BA015267888}.Debug|Any CPU.ActiveCfg = Debug|Any CPU
		{3382592A-3480-4FB5-8E75-4BA015267888}.Debug|Any CPU.Build.0 = Debug|Any CPU
		{3382592A-3480-4FB5-8E75-4BA015267888}.Release|Any CPU.ActiveCfg = Release|Any CPU
		{3382592A-3480-4FB5-8E75-4BA015267888}.Release|Any CPU.Build.0 = Release|Any CPU
		{82EC2B42-3AC8-4732-898E-671A17E69809}.Debug|Any CPU.ActiveCfg = Debug|Any CPU
		{82EC2B42-3AC8-4732-898E-671A17E69809}.Debug|Any CPU.Build.0 = Debug|Any CPU
		{82EC2B42-3AC8-4732-898E-671A17E69809}.Release|Any CPU.ActiveCfg = Release|Any CPU
		{82EC2B42-3AC8-4732-898E-671A17E69809}.Release|Any CPU.Build.0 = Release|Any CPU
		{C05754C9-D4B5-4B91-A8E9-8FA8D68B76B6}.Debug|Any CPU.ActiveCfg = Debug|Any CPU
		{C05754C9-D4B5-4B91-A8E9-8FA8D68B76B6}.Debug|Any CPU.Build.0 = Debug|Any CPU
		{C05754C9-D4B5-4B91-A8E9-8FA8D68B76B6}.Release|Any CPU.ActiveCfg = Release|Any CPU
		{C05754C9-D4B5-4B91-A8E9-8FA8D68B76B6}.Release|Any CPU.Build.0 = Release|Any CPU
	EndGlobalSection
	GlobalSection(SolutionProperties) = preSolution
		HideSolutionNode = FALSE
	EndGlobalSection
	GlobalSection(ExtensibilityGlobals) = postSolution
		SolutionGuid = {C6A66A74-4A75-4240-8813-F4047A838D6C}
	EndGlobalSection
EndGlobal
